
Microsoft Visual Studio Solution File, Format Version 12.00
# Visual Studio 15
VisualStudioVersion = 15.0.28010.2019
MinimumVisualStudioVersion = 10.0.40219.1
Project("{FAE04EC0-301F-11D3-BF4B-00C04F79EFBC}") = "Classic Snake", "Classic Snake\Classic Snake.csproj", "{51E8CA0C-A492-475E-A9B2-92408EDBA63E}"
EndProject
Global
	GlobalSection(SolutionConfigurationPlatforms) = preSolution
		Debug|ARM = Debug|ARM
		Debug|x64 = Debug|x64
		Debug|x86 = Debug|x86
		Release|ARM = Release|ARM
		Release|x64 = Release|x64
		Release|x86 = Release|x86
	EndGlobalSection
	GlobalSection(ProjectConfigurationPlatforms) = postSolution
		{51E8CA0C-A492-475E-A9B2-92408EDBA63E}.Debug|ARM.ActiveCfg = Debug|ARM
		{51E8CA0C-A492-475E-A9B2-92408EDBA63E}.Debug|ARM.Build.0 = Debug|ARM
		{51E8CA0C-A492-475E-A9B2-92408EDBA63E}.Debug|ARM.Deploy.0 = Debug|ARM
		{51E8CA0C-A492-475E-A9B2-92408EDBA63E}.Debug|x64.ActiveCfg = Debug|x64
		{51E8CA0C-A492-475E-A9B2-92408EDBA63E}.Debug|x64.Build.0 = Debug|x64
		{51E8CA0C-A492-475E-A9B2-92408EDBA63E}.Debug|x64.Deploy.0 = Debug|x64
		{51E8CA0C-A492-475E-A9B2-92408EDBA63E}.Debug|x86.ActiveCfg = Debug|x86
		{51E8CA0C-A492-475E-A9B2-92408EDBA63E}.Debug|x86.Build.0 = Debug|x86
		{51E8CA0C-A492-475E-A9B2-92408EDBA63E}.Debug|x86.Deploy.0 = Debug|x86
		{51E8CA0C-A492-475E-A9B2-92408EDBA63E}.Release|ARM.ActiveCfg = Release|ARM
		{51E8CA0C-A492-475E-A9B2-92408EDBA63E}.Release|ARM.Build.0 = Release|ARM
		{51E8CA0C-A492-475E-A9B2-92408EDBA63E}.Release|ARM.Deploy.0 = Release|ARM
		{51E8CA0C-A492-475E-A9B2-92408EDBA63E}.Release|x64.ActiveCfg = Release|x64
		{51E8CA0C-A492-475E-A9B2-92408EDBA63E}.Release|x64.Build.0 = Release|x64
		{51E8CA0C-A492-475E-A9B2-92408EDBA63E}.Release|x64.Deploy.0 = Release|x64
		{51E8CA0C-A492-475E-A9B2-92408EDBA63E}.Release|x86.ActiveCfg = Release|x86
		{51E8CA0C-A492-475E-A9B2-92408EDBA63E}.Release|x86.Build.0 = Release|x86
		{51E8CA0C-A492-475E-A9B2-92408EDBA63E}.Release|x86.Deploy.0 = Release|x86
	EndGlobalSection
	GlobalSection(SolutionProperties) = preSolution
		HideSolutionNode = FALSE
	EndGlobalSection
	GlobalSection(ExtensibilityGlobals) = postSolution
		SolutionGuid = {4A9AF324-1DC4-4E9B-8D59-B14A79015687}
	EndGlobalSection
EndGlobal
